
Microsoft Visual Studio Solution File, Format Version 12.00
# Visual Studio 15
VisualStudioVersion = 15.0.28307.329
MinimumVisualStudioVersion = 10.0.40219.1
Project("{FAE04EC0-301F-11D3-BF4B-00C04F79EFBC}") = "SPECFLOW", "BDD2\SPECFLOW.csproj", "{30E3B42C-F9AB-4C9F-94F2-1DBF189BD5BC}"
EndProject
Global
	GlobalSection(SolutionConfigurationPlatforms) = preSolution
		Debug|Any CPU = Debug|Any CPU
		Release|Any CPU = Release|Any CPU
	EndGlobalSection
	GlobalSection(ProjectConfigurationPlatforms) = postSolution
		{30E3B42C-F9AB-4C9F-94F2-1DBF189BD5BC}.Debug|Any CPU.ActiveCfg = Debug|Any CPU
		{30E3B42C-F9AB-4C9F-94F2-1DBF189BD5BC}.Debug|Any CPU.Build.0 = Debug|Any CPU
		{30E3B42C-F9AB-4C9F-94F2-1DBF189BD5BC}.Release|Any CPU.ActiveCfg = Release|Any CPU
		{30E3B42C-F9AB-4C9F-94F2-1DBF189BD5BC}.Release|Any CPU.Build.0 = Release|Any CPU
	EndGlobalSection
	GlobalSection(SolutionProperties) = preSolution
		HideSolutionNode = FALSE
	EndGlobalSection
	GlobalSection(ExtensibilityGlobals) = postSolution
		SolutionGuid = {44DDF659-BED8-4AE4-991C-3458C2497FB3}
	EndGlobalSection
EndGlobal
